
Microsoft Visual Studio Solution File, Format Version 12.00
# Visual Studio 15
VisualStudioVersion = 15.0.28307.438
MinimumVisualStudioVersion = 10.0.40219.1
Project("{F184B08F-C81C-45F6-A57F-5ABD9991F28F}") = "CSS", "CSS\CSS.vbproj", "{BFFDD9BB-305F-40B3-8AD1-975AE43D1C86}"
EndProject
Global
	GlobalSection(SolutionConfigurationPlatforms) = preSolution
		Debug|Any CPU = Debug|Any CPU
		Release|Any CPU = Release|Any CPU
	EndGlobalSection
	GlobalSection(ProjectConfigurationPlatforms) = postSolution
		{BFFDD9BB-305F-40B3-8AD1-975AE43D1C86}.Debug|Any CPU.ActiveCfg = Debug|Any CPU
		{BFFDD9BB-305F-40B3-8AD1-975AE43D1C86}.Debug|Any CPU.Build.0 = Debug|Any CPU
		{BFFDD9BB-305F-40B3-8AD1-975AE43D1C86}.Release|Any CPU.ActiveCfg = Release|Any CPU
		{BFFDD9BB-305F-40B3-8AD1-975AE43D1C86}.Release|Any CPU.Build.0 = Release|Any CPU
	EndGlobalSection
	GlobalSection(SolutionProperties) = preSolution
		HideSolutionNode = FALSE
	EndGlobalSection
	GlobalSection(ExtensibilityGlobals) = postSolution
		SolutionGuid = {373ED60F-AD89-4848-9F00-A6A1CD6617E8}
	EndGlobalSection
EndGlobal
